
Microsoft Visual Studio Solution File, Format Version 12.00
# Visual Studio Version 17
VisualStudioVersion = 17.11.35312.102
MinimumVisualStudioVersion = 10.0.40219.1
Project("{9A19103F-16F7-4668-BE54-9A1E7A4F7556}") = "PetsApi", "pets\src\PetsApi.csproj", "{65EC2257-372A-46B5-8B15-28B082C83990}"
EndProject
Project("{00D1A9C2-B5F0-4AF3-8072-F6C62B433612}") = "PetsDB", "pets\PetsDB\PetsDB.sqlproj", "{C701B1D8-A388-4E22-A2BD-CCA5C37447AF}"
EndProject
Project("{9A19103F-16F7-4668-BE54-9A1E7A4F7556}") = "BoatsApi", "boats\src\BoatsApi.csproj", "{A5EABA2E-2C17-4F4F-96D6-94A8D40A839E}"
EndProject
Project("{00D1A9C2-B5F0-4AF3-8072-F6C62B433612}") = "BoatsDB", "boats\BoatsDB\BoatsDB.sqlproj", "{759C40CA-76C6-478F-8243-7DCC1A6C35C6}"
EndProject
Global
	GlobalSection(SolutionConfigurationPlatforms) = preSolution
		Debug|Any CPU = Debug|Any CPU
		Release|Any CPU = Release|Any CPU
	EndGlobalSection
	GlobalSection(ProjectConfigurationPlatforms) = postSolution
		{65EC2257-372A-46B5-8B15-28B082C83990}.Debug|Any CPU.ActiveCfg = Debug|Any CPU
		{65EC2257-372A-46B5-8B15-28B082C83990}.Debug|Any CPU.Build.0 = Debug|Any CPU
		{65EC2257-372A-46B5-8B15-28B082C83990}.Release|Any CPU.ActiveCfg = Release|Any CPU
		{65EC2257-372A-46B5-8B15-28B082C83990}.Release|Any CPU.Build.0 = Release|Any CPU
		{C701B1D8-A388-4E22-A2BD-CCA5C37447AF}.Debug|Any CPU.ActiveCfg = Debug|Any CPU
		{C701B1D8-A388-4E22-A2BD-CCA5C37447AF}.Debug|Any CPU.Build.0 = Debug|Any CPU
		{C701B1D8-A388-4E22-A2BD-CCA5C37447AF}.Debug|Any CPU.Deploy.0 = Debug|Any CPU
		{C701B1D8-A388-4E22-A2BD-CCA5C37447AF}.Release|Any CPU.ActiveCfg = Release|Any CPU
		{C701B1D8-A388-4E22-A2BD-CCA5C37447AF}.Release|Any CPU.Build.0 = Release|Any CPU
		{C701B1D8-A388-4E22-A2BD-CCA5C37447AF}.Release|Any CPU.Deploy.0 = Release|Any CPU
		{A5EABA2E-2C17-4F4F-96D6-94A8D40A839E}.Debug|Any CPU.ActiveCfg = Debug|Any CPU
		{A5EABA2E-2C17-4F4F-96D6-94A8D40A839E}.Debug|Any CPU.Build.0 = Debug|Any CPU
		{A5EABA2E-2C17-4F4F-96D6-94A8D40A839E}.Release|Any CPU.ActiveCfg = Release|Any CPU
		{A5EABA2E-2C17-4F4F-96D6-94A8D40A839E}.Release|Any CPU.Build.0 = Release|Any CPU
		{759C40CA-76C6-478F-8243-7DCC1A6C35C6}.Debug|Any CPU.ActiveCfg = Debug|Any CPU
		{759C40CA-76C6-478F-8243-7DCC1A6C35C6}.Debug|Any CPU.Build.0 = Debug|Any CPU
		{759C40CA-76C6-478F-8243-7DCC1A6C35C6}.Debug|Any CPU.Deploy.0 = Debug|Any CPU
		{759C40CA-76C6-478F-8243-7DCC1A6C35C6}.Release|Any CPU.ActiveCfg = Release|Any CPU
		{759C40CA-76C6-478F-8243-7DCC1A6C35C6}.Release|Any CPU.Build.0 = Release|Any CPU
		{759C40CA-76C6-478F-8243-7DCC1A6C35C6}.Release|Any CPU.Deploy.0 = Release|Any CPU
	EndGlobalSection
	GlobalSection(SolutionProperties) = preSolution
		HideSolutionNode = FALSE
	EndGlobalSection
	GlobalSection(ExtensibilityGlobals) = postSolution
		SolutionGuid = {A85BFD5B-DB5D-4582-B2B9-612B115C5EF7}
	EndGlobalSection
EndGlobal
